// !$*UTF8*$!
{
	archiveVersion = 1;
	classes = {
	};
	objectVersion = 50;
	objects = {

/* Begin PBXBuildFile section */
		67701B2E20CB248E0069DA8C /* WSSketch.h in Headers */ = {isa = PBXBuildFile; fileRef = 67701B2C20CB248E0069DA8C /* WSSketch.h */; settings = {ATTRIBUTES = (Public, ); }; };
		67701B3620CB24BF0069DA8C /* HSMain.h in Headers */ = {isa = PBXBuildFile; fileRef = 67701B3420CB24BF0069DA8C /* HSMain.h */; };
		67701B3720CB24BF0069DA8C /* HSMain.m in Sources */ = {isa = PBXBuildFile; fileRef = 67701B3520CB24BF0069DA8C /* HSMain.m */; };
		67701B3B20CB25460069DA8C /* WSSketch.js in CopyFiles */ = {isa = PBXBuildFile; fileRef = 67701B3820CB25060069DA8C /* WSSketch.js */; };
/* End PBXBuildFile section */

/* Begin PBXCopyFilesBuildPhase section */
		67701B3A20CB253B0069DA8C /* CopyFiles */ = {
			isa = PBXCopyFilesBuildPhase;
			buildActionMask = 2147483647;
			dstPath = "";
			dstSubfolderSpec = 1;
			files = (
				67701B3B20CB25460069DA8C /* WSSketch.js in CopyFiles */,
			);
			runOnlyForDeploymentPostprocessing = 0;
		};
/* End PBXCopyFilesBuildPhase section */

/* Begin PBXFileReference section */
		67701B2920CB248E0069DA8C /* WSSketch.framework */ = {isa = PBXFileReference; explicitFileType = wrapper.framework; includeInIndex = 0; path = WSSketch.framework; sourceTree = BUILT_PRODUCTS_DIR; };
		67701B2C20CB248E0069DA8C /* WSSketch.h */ = {isa = PBXFileReference; lastKnownFileType = sourcecode.c.h; path = WSSketch.h; sourceTree = "<group>"; };
		67701B2D20CB248E0069DA8C /* Info.plist */ = {isa = PBXFileReference; lastKnownFileType = text.plist.xml; path = Info.plist; sourceTree = "<group>"; };
		67701B3420CB24BF0069DA8C /* HSMain.h */ = {isa = PBXFileReference; lastKnownFileType = sourcecode.c.h; path = HSMain.h; sourceTree = "<group>"; };
		67701B3520CB24BF0069DA8C /* HSMain.m */ = {isa = PBXFileReference; lastKnownFileType = sourcecode.c.objc; path = HSMain.m; sourceTree = "<group>"; };
		67701B3820CB25060069DA8C /* WSSketch.js */ = {isa = PBXFileReference; lastKnownFileType = sourcecode.javascript; path = WSSketch.js; sourceTree = "<group>"; };
/* End PBXFileReference section */

/* Begin PBXFrameworksBuildPhase section */
		67701B2520CB248E0069DA8C /* Frameworks */ = {
			isa = PBXFrameworksBuildPhase;
			buildActionMask = 2147483647;
			files = (
			);
			runOnlyForDeploymentPostprocessing = 0;
		};
/* End PBXFrameworksBuildPhase section */

/* Begin PBXGroup section */
		67701B1F20CB248E0069DA8C = {
			isa = PBXGroup;
			children = (
				67701B2B20CB248E0069DA8C /* WSSketch */,
				67701B2A20CB248E0069DA8C /* Products */,
			);
			sourceTree = "<group>";
		};
		67701B2A20CB248E0069DA8C /* Products */ = {
			isa = PBXGroup;
			children = (
				67701B2920CB248E0069DA8C /* WSSketch.framework */,
			);
			name = Products;
			sourceTree = "<group>";
		};
		67701B2B20CB248E0069DA8C /* WSSketch */ = {
			isa = PBXGroup;
			children = (
				67701B2C20CB248E0069DA8C /* WSSketch.h */,
				67701B2D20CB248E0069DA8C /* Info.plist */,
				67701B3420CB24BF0069DA8C /* HSMain.h */,
				67701B3520CB24BF0069DA8C /* HSMain.m */,
				67701B3820CB25060069DA8C /* WSSketch.js */,
			);
			path = WSSketch;
			sourceTree = "<group>";
		};
/* End PBXGroup section */

/* Begin PBXHeadersBuildPhase section */
		67701B2620CB248E0069DA8C /* Headers */ = {
			isa = PBXHeadersBuildPhase;
			buildActionMask = 2147483647;
			files = (
				67701B3620CB24BF0069DA8C /* HSMain.h in Headers */,
				67701B2E20CB248E0069DA8C /* WSSketch.h in Headers */,
			);
			runOnlyForDeploymentPostprocessing = 0;
		};
/* End PBXHeadersBuildPhase section */

/* Begin PBXNativeTarget section */
		67701B2820CB248E0069DA8C /* WSSketch */ = {
			isa = PBXNativeTarget;
			buildConfigurationList = 67701B3120CB248E0069DA8C /* Build configuration list for PBXNativeTarget "WSSketch" */;
			buildPhases = (
				67701B2420CB248E0069DA8C /* Sources */,
				67701B2520CB248E0069DA8C /* Frameworks */,
				67701B2620CB248E0069DA8C /* Headers */,
				67701B2720CB248E0069DA8C /* Resources */,
				67701B3A20CB253B0069DA8C /* CopyFiles */,
			);
			buildRules = (
			);
			dependencies = (
			);
			name = WSSketch;
			productName = WSSketch;
			productReference = 67701B2920CB248E0069DA8C /* WSSketch.framework */;
			productType = "com.apple.product-type.framework";
		};
/* End PBXNativeTarget section */

/* Begin PBXProject section */
		67701B2020CB248E0069DA8C /* Project object */ = {
			isa = PBXProject;
			attributes = {
				LastUpgradeCheck = 0940;
				ORGANIZATIONNAME = "Cristian Poputea";
				TargetAttributes = {
					67701B2820CB248E0069DA8C = {
						CreatedOnToolsVersion = 9.4;
					};
				};
			};
			buildConfigurationList = 67701B2320CB248E0069DA8C /* Build configuration list for PBXProject "WSSketch" */;
			compatibilityVersion = "Xcode 9.3";
			developmentRegion = en;
			hasScannedForEncodings = 0;
			knownRegions = (
				en,
			);
			mainGroup = 67701B1F20CB248E0069DA8C;
			productRefGroup = 67701B2A20CB248E0069DA8C /* Products */;
			projectDirPath = "";
			projectRoot = "";
			targets = (
				67701B2820CB248E0069DA8C /* WSSketch */,
			);
		};
/* End PBXProject section */

/* Begin PBXResourcesBuildPhase section */
		67701B2720CB248E0069DA8C /* Resources */ = {
			isa = PBXResourcesBuildPhase;
			buildActionMask = 2147483647;
			files = (
			);
			runOnlyForDeploymentPostprocessing = 0;
		};
/* End PBXResourcesBuildPhase section */

/* Begin PBXSourcesBuildPhase section */
		67701B2420CB248E0069DA8C /* Sources */ = {
			isa = PBXSourcesBuildPhase;
			buildActionMask = 2147483647;
			files = (
				67701B3720CB24BF0069DA8C /* HSMain.m in Sources */,
			);
			runOnlyForDeploymentPostprocessing = 0;
		};
/* End PBXSourcesBuildPhase section */

/* Begin XCBuildConfiguration section */
		67701B2F20CB248E0069DA8C /* Debug */ = {
			isa = XCBuildConfiguration;
			buildSettings = {
				ALWAYS_SEARCH_USER_PATHS = NO;
				CLANG_ANALYZER_NONNULL = YES;
				CLANG_ANALYZER_NUMBER_OBJECT_CONVERSION = YES_AGGRESSIVE;
				CLANG_CXX_LANGUAGE_STANDARD = "gnu++14";
				CLANG_CXX_LIBRARY = "libc++";
				CLANG_ENABLE_MODULES = YES;
				CLANG_ENABLE_OBJC_ARC = YES;
				CLANG_ENABLE_OBJC_WEAK = YES;
				CLANG_WARN_BLOCK_CAPTURE_AUTORELEASING = YES;
				CLANG_WARN_BOOL_CONVERSION = YES;
				CLANG_WARN_COMMA = YES;
				CLANG_WARN_CONSTANT_CONVERSION = YES;
				CLANG_WARN_DEPRECATED_OBJC_IMPLEMENTATIONS = YES;
				CLANG_WARN_DIRECT_OBJC_ISA_USAGE = YES_ERROR;
				CLANG_WARN_DOCUMENTATION_COMMENTS = YES;
				CLANG_WARN_EMPTY_BODY = YES;
				CLANG_WARN_ENUM_CONVERSION = YES;
				CLANG_WARN_INFINITE_RECURSION = YES;
				CLANG_WARN_INT_CONVERSION = YES;
				CLANG_WARN_NON_LITERAL_NULL_CONVERSION = YES;
				CLANG_WARN_OBJC_IMPLICIT_RETAIN_SELF = YES;
				CLANG_WARN_OBJC_LITERAL_CONVERSION = YES;
				CLANG_WARN_OBJC_ROOT_CLASS = YES_ERROR;
				CLANG_WARN_RANGE_LOOP_ANALYSIS = YES;
				CLANG_WARN_STRICT_PROTOTYPES = YES;
				CLANG_WARN_SUSPICIOUS_MOVE = YES;
				CLANG_WARN_UNGUARDED_AVAILABILITY = YES_AGGRESSIVE;
				CLANG_WARN_UNREACHABLE_CODE = YES;
				CLANG_WARN__DUPLICATE_METHOD_MATCH = YES;
				CODE_SIGN_IDENTITY = "Mac Developer";
				COPY_PHASE_STRIP = NO;
				CURRENT_PROJECT_VERSION = 1;
				DEBUG_INFORMATION_FORMAT = dwarf;
				ENABLE_STRICT_OBJC_MSGSEND = YES;
				ENABLE_TESTABILITY = YES;
				GCC_C_LANGUAGE_STANDARD = gnu11;
				GCC_DYNAMIC_NO_PIC = NO;
				GCC_NO_COMMON_BLOCKS = YES;
				GCC_OPTIMIZATION_LEVEL = 0;
				GCC_PREPROCESSOR_DEFINITIONS = (
					"DEBUG=1",
					"$(inherited)",
				);
				GCC_WARN_64_TO_32_BIT_CONVERSION = YES;
				GCC_WARN_ABOUT_RETURN_TYPE = YES_ERROR;
				GCC_WARN_UNDECLARED_SELECTOR = YES;
				GCC_WARN_UNINITIALIZED_AUTOS = YES_AGGRESSIVE;
				GCC_WARN_UNUSED_FUNCTION = YES;
				GCC_WARN_UNUSED_VARIABLE = YES;
				MACOSX_DEPLOYMENT_TARGET = 10.13;
				MTL_ENABLE_DEBUG_INFO = YES;
				ONLY_ACTIVE_ARCH = YES;
				SDKROOT = macosx;
				VERSIONING_SYSTEM = "apple-generic";
				VERSION_INFO_PREFIX = "";
			};
			name = Debug;
		};
		67701B3020CB248E0069DA8C /* Release */ = {
			isa = XCBuildConfiguration;
			buildSettings = {
				ALWAYS_SEARCH_USER_PATHS = NO;
				CLANG_ANALYZER_NONNULL = YES;
				CLANG_ANALYZER_NUMBER_OBJECT_CONVERSION = YES_AGGRESSIVE;
				CLANG_CXX_LANGUAGE_STANDARD = "gnu++14";
				CLANG_CXX_LIBRARY = "libc++";
				CLANG_ENABLE_MODULES = YES;
				CLANG_ENABLE_OBJC_ARC = YES;
				CLANG_ENABLE_OBJC_WEAK = YES;
				CLANG_WARN_BLOCK_CAPTURE_AUTORELEASING = YES;
				CLANG_WARN_BOOL_CONVERSION = YES;
				CLANG_WARN_COMMA = YES;
				CLANG_WARN_CONSTANT_CONVERSION = YES;
				CLANG_WARN_DEPRECATED_OBJC_IMPLEMENTATIONS = YES;
				CLANG_WARN_DIRECT_OBJC_ISA_USAGE = YES_ERROR;
				CLANG_WARN_DOCUMENTATION_COMMENTS = YES;
				CLANG_WARN_EMPTY_BODY = YES;
				CLANG_WARN_ENUM_CONVERSION = YES;
				CLANG_WARN_INFINITE_RECURSION = YES;
				CLANG_WARN_INT_CONVERSION = YES;
				CLANG_WARN_NON_LITERAL_NULL_CONVERSION = YES;
				CLANG_WARN_OBJC_IMPLICIT_RETAIN_SELF = YES;
				CLANG_WARN_OBJC_LITERAL_CONVERSION = YES;
				CLANG_WARN_OBJC_ROOT_CLASS = YES_ERROR;
				CLANG_WARN_RANGE_LOOP_ANALYSIS = YES;
				CLANG_WARN_STRICT_PROTOTYPES = YES;
				CLANG_WARN_SUSPICIOUS_MOVE = YES;
				CLANG_WARN_UNGUARDED_AVAILABILITY = YES_AGGRESSIVE;
				CLANG_WARN_UNREACHABLE_CODE = YES;
				CLANG_WARN__DUPLICATE_METHOD_MATCH = YES;
				CODE_SIGN_IDENTITY = "Mac Developer";
				COPY_PHASE_STRIP = NO;
				CURRENT_PROJECT_VERSION = 1;
				DEBUG_INFORMATION_FORMAT = "dwarf-with-dsym";
				ENABLE_NS_ASSERTIONS = NO;
				ENABLE_STRICT_OBJC_MSGSEND = YES;
				GCC_C_LANGUAGE_STANDARD = gnu11;
				GCC_NO_COMMON_BLOCKS = YES;
				GCC_WARN_64_TO_32_BIT_CONVERSION = YES;
				GCC_WARN_ABOUT_RETURN_TYPE = YES_ERROR;
				GCC_WARN_UNDECLARED_SELECTOR = YES;
				GCC_WARN_UNINITIALIZED_AUTOS = YES_AGGRESSIVE;
				GCC_WARN_UNUSED_FUNCTION = YES;
				GCC_WARN_UNUSED_VARIABLE = YES;
				MACOSX_DEPLOYMENT_TARGET = 10.13;
				MTL_ENABLE_DEBUG_INFO = NO;
				SDKROOT = macosx;
				VERSIONING_SYSTEM = "apple-generic";
				VERSION_INFO_PREFIX = "";
			};
			name = Release;
		};
		67701B3220CB248E0069DA8C /* Debug */ = {
			isa = XCBuildConfiguration;
			buildSettings = {
				CODE_SIGN_IDENTITY = "";
				CODE_SIGN_STYLE = Automatic;
				COMBINE_HIDPI_IMAGES = YES;
				DEFINES_MODULE = YES;
				DEVELOPMENT_TEAM = 4A8QTQULZ6;
				DYLIB_COMPATIBILITY_VERSION = 1;
				DYLIB_CURRENT_VERSION = 1;
				DYLIB_INSTALL_NAME_BASE = "@rpath";
				FRAMEWORK_VERSION = A;
				INFOPLIST_FILE = WSSketch/Info.plist;
				INSTALL_PATH = "$(LOCAL_LIBRARY_DIR)/Frameworks";
				LD_RUNPATH_SEARCH_PATHS = (
					"$(inherited)",
					"@executable_path/../Frameworks",
					"@loader_path/Frameworks",
				);
				PRODUCT_BUNDLE_IDENTIFIER = t.WSSketch;
				PRODUCT_NAME = "$(TARGET_NAME:c99extidentifier)";
				SKIP_INSTALL = YES;
			};
			name = Debug;
		};
		67701B3320CB248E0069DA8C /* Release */ = {
			isa = XCBuildConfiguration;
			buildSettings = {
				CODE_SIGN_IDENTITY = "";
				CODE_SIGN_STYLE = Automatic;
				COMBINE_HIDPI_IMAGES = YES;
				DEFINES_MODULE = YES;
				DEVELOPMENT_TEAM = 4A8QTQULZ6;
				DYLIB_COMPATIBILITY_VERSION = 1;
				DYLIB_CURRENT_VERSION = 1;
				DYLIB_INSTALL_NAME_BASE = "@rpath";
				FRAMEWORK_VERSION = A;
				INFOPLIST_FILE = WSSketch/Info.plist;
				INSTALL_PATH = "$(LOCAL_LIBRARY_DIR)/Frameworks";
				LD_RUNPATH_SEARCH_PATHS = (
					"$(inherited)",
					"@executable_path/../Frameworks",
					"@loader_path/Frameworks",
				);
				PRODUCT_BUNDLE_IDENTIFIER = t.WSSketch;
				PRODUCT_NAME = "$(TARGET_NAME:c99extidentifier)";
				SKIP_INSTALL = YES;
			};
			name = Release;
		};
/* End XCBuildConfiguration section */

/* Begin XCConfigurationList section */
		67701B2320CB248E0069DA8C /* Build configuration list for PBXProject "WSSketch" */ = {
			isa = XCConfigurationList;
			buildConfigurations = (
				67701B2F20CB248E0069DA8C /* Debug */,
				67701B3020CB248E0069DA8C /* Release */,
			);
			defaultConfigurationIsVisible = 0;
			defaultConfigurationName = Release;
		};
		67701B3120CB248E0069DA8C /* Build configuration list for PBXNativeTarget "WSSketch" */ = {
			isa = XCConfigurationList;
			buildConfigurations = (
				67701B3220CB248E0069DA8C /* Debug */,
				67701B3320CB248E0069DA8C /* Release */,
			);
			defaultConfigurationIsVisible = 0;
			defaultConfigurationName = Release;
		};
/* End XCConfigurationList section */
	};
	rootObject = 67701B2020CB248E0069DA8C /* Project object */;
}
